// !$*UTF8*$!
{
	archiveVersion = 1;
	classes = {
	};
	objectVersion = 55;
	objects = {

/* Begin PBXBuildFile section */
		90A8FE9FB1AD6E329A43A25A /* Pods_MVVMmySelf.framework in Frameworks */ = {isa = PBXBuildFile; fileRef = 7456780FEBFAE00CE90F9B7E /* Pods_MVVMmySelf.framework */; };
		DE414FA0283783F10093D487 /* AppDelegate.swift in Sources */ = {isa = PBXBuildFile; fileRef = DE414F9F283783F10093D487 /* AppDelegate.swift */; };
		DE414FA2283783F10093D487 /* SceneDelegate.swift in Sources */ = {isa = PBXBuildFile; fileRef = DE414FA1283783F10093D487 /* SceneDelegate.swift */; };
		DE414FA4283783F10093D487 /* LoadingVC.swift in Sources */ = {isa = PBXBuildFile; fileRef = DE414FA3283783F10093D487 /* LoadingVC.swift */; };
		DE414FA7283783F10093D487 /* Main.storyboard in Resources */ = {isa = PBXBuildFile; fileRef = DE414FA5283783F10093D487 /* Main.storyboard */; };
		DE414FA9283783F60093D487 /* Assets.xcassets in Resources */ = {isa = PBXBuildFile; fileRef = DE414FA8283783F60093D487 /* Assets.xcassets */; };
		DE414FAC283783F60093D487 /* LaunchScreen.storyboard in Resources */ = {isa = PBXBuildFile; fileRef = DE414FAA283783F60093D487 /* LaunchScreen.storyboard */; };
		DE414FBA2839AB790093D487 /* loginBusinessModel.swift in Sources */ = {isa = PBXBuildFile; fileRef = DE414FB92839AB790093D487 /* loginBusinessModel.swift */; };
		DE414FBC2839B02B0093D487 /* colorSet.swift in Sources */ = {isa = PBXBuildFile; fileRef = DE414FBB2839B02B0093D487 /* colorSet.swift */; };
		DE414FBF2839B8EB0093D487 /* userInfo.swift in Sources */ = {isa = PBXBuildFile; fileRef = DE414FBE2839B8EB0093D487 /* userInfo.swift */; };
		DE414FC12839B9DF0093D487 /* loginModel.swift in Sources */ = {isa = PBXBuildFile; fileRef = DE414FC02839B9DF0093D487 /* loginModel.swift */; };
		DE414FC32839BF0D0093D487 /* userInfoModel.swift in Sources */ = {isa = PBXBuildFile; fileRef = DE414FC22839BF0D0093D487 /* userInfoModel.swift */; };
		DE414FC62839CAF90093D487 /* LoadingVCModel.swift in Sources */ = {isa = PBXBuildFile; fileRef = DE414FC52839CAF90093D487 /* LoadingVCModel.swift */; };
/* End PBXBuildFile section */

/* Begin PBXFileReference section */
		4B677F97251EC83C57646296 /* Pods-MVVMmySelf.release.xcconfig */ = {isa = PBXFileReference; includeInIndex = 1; lastKnownFileType = text.xcconfig; name = "Pods-MVVMmySelf.release.xcconfig"; path = "Target Support Files/Pods-MVVMmySelf/Pods-MVVMmySelf.release.xcconfig"; sourceTree = "<group>"; };
		7456780FEBFAE00CE90F9B7E /* Pods_MVVMmySelf.framework */ = {isa = PBXFileReference; explicitFileType = wrapper.framework; includeInIndex = 0; path = Pods_MVVMmySelf.framework; sourceTree = BUILT_PRODUCTS_DIR; };
		91DD5B78ADB0BE6D53BE9609 /* Pods-MVVMmySelf.debug.xcconfig */ = {isa = PBXFileReference; includeInIndex = 1; lastKnownFileType = text.xcconfig; name = "Pods-MVVMmySelf.debug.xcconfig"; path = "Target Support Files/Pods-MVVMmySelf/Pods-MVVMmySelf.debug.xcconfig"; sourceTree = "<group>"; };
		DE414F9C283783F10093D487 /* MVVMmySelf.app */ = {isa = PBXFileReference; explicitFileType = wrapper.application; includeInIndex = 0; path = MVVMmySelf.app; sourceTree = BUILT_PRODUCTS_DIR; };
		DE414F9F283783F10093D487 /* AppDelegate.swift */ = {isa = PBXFileReference; lastKnownFileType = sourcecode.swift; path = AppDelegate.swift; sourceTree = "<group>"; };
		DE414FA1283783F10093D487 /* SceneDelegate.swift */ = {isa = PBXFileReference; lastKnownFileType = sourcecode.swift; path = SceneDelegate.swift; sourceTree = "<group>"; };
		DE414FA3283783F10093D487 /* LoadingVC.swift */ = {isa = PBXFileReference; lastKnownFileType = sourcecode.swift; path = LoadingVC.swift; sourceTree = "<group>"; };
		DE414FA6283783F10093D487 /* Base */ = {isa = PBXFileReference; lastKnownFileType = file.storyboard; name = Base; path = Base.lproj/Main.storyboard; sourceTree = "<group>"; };
		DE414FA8283783F60093D487 /* Assets.xcassets */ = {isa = PBXFileReference; lastKnownFileType = folder.assetcatalog; path = Assets.xcassets; sourceTree = "<group>"; };
		DE414FAB283783F60093D487 /* Base */ = {isa = PBXFileReference; lastKnownFileType = file.storyboard; name = Base; path = Base.lproj/LaunchScreen.storyboard; sourceTree = "<group>"; };
		DE414FAD283783F60093D487 /* Info.plist */ = {isa = PBXFileReference; lastKnownFileType = text.plist.xml; path = Info.plist; sourceTree = "<group>"; };
		DE414FB92839AB790093D487 /* loginBusinessModel.swift */ = {isa = PBXFileReference; lastKnownFileType = sourcecode.swift; path = loginBusinessModel.swift; sourceTree = "<group>"; };
		DE414FBB2839B02B0093D487 /* colorSet.swift */ = {isa = PBXFileReference; lastKnownFileType = sourcecode.swift; path = colorSet.swift; sourceTree = "<group>"; };
		DE414FBE2839B8EB0093D487 /* userInfo.swift */ = {isa = PBXFileReference; lastKnownFileType = sourcecode.swift; path = userInfo.swift; sourceTree = "<group>"; };
		DE414FC02839B9DF0093D487 /* loginModel.swift */ = {isa = PBXFileReference; lastKnownFileType = sourcecode.swift; path = loginModel.swift; sourceTree = "<group>"; };
		DE414FC22839BF0D0093D487 /* userInfoModel.swift */ = {isa = PBXFileReference; lastKnownFileType = sourcecode.swift; path = userInfoModel.swift; sourceTree = "<group>"; };
		DE414FC52839CAF90093D487 /* LoadingVCModel.swift */ = {isa = PBXFileReference; lastKnownFileType = sourcecode.swift; path = LoadingVCModel.swift; sourceTree = "<group>"; };
/* End PBXFileReference section */

/* Begin PBXFrameworksBuildPhase section */
		DE414F99283783F10093D487 /* Frameworks */ = {
			isa = PBXFrameworksBuildPhase;
			buildActionMask = 2147483647;
			files = (
				90A8FE9FB1AD6E329A43A25A /* Pods_MVVMmySelf.framework in Frameworks */,
			);
			runOnlyForDeploymentPostprocessing = 0;
		};
/* End PBXFrameworksBuildPhase section */

/* Begin PBXGroup section */
		7269EA83AF22448BB4DC2748 /* Pods */ = {
			isa = PBXGroup;
			children = (
				91DD5B78ADB0BE6D53BE9609 /* Pods-MVVMmySelf.debug.xcconfig */,
				4B677F97251EC83C57646296 /* Pods-MVVMmySelf.release.xcconfig */,
			);
			path = Pods;
			sourceTree = "<group>";
		};
		7CD2F91B8055EA710F510F6B /* Frameworks */ = {
			isa = PBXGroup;
			children = (
				7456780FEBFAE00CE90F9B7E /* Pods_MVVMmySelf.framework */,
			);
			name = Frameworks;
			sourceTree = "<group>";
		};
		DE414F93283783F10093D487 = {
			isa = PBXGroup;
			children = (
				DE414F9E283783F10093D487 /* MVVMmySelf */,
				DE414F9D283783F10093D487 /* Products */,
				7269EA83AF22448BB4DC2748 /* Pods */,
				7CD2F91B8055EA710F510F6B /* Frameworks */,
			);
			sourceTree = "<group>";
		};
		DE414F9D283783F10093D487 /* Products */ = {
			isa = PBXGroup;
			children = (
				DE414F9C283783F10093D487 /* MVVMmySelf.app */,
			);
			name = Products;
			sourceTree = "<group>";
		};
		DE414F9E283783F10093D487 /* MVVMmySelf */ = {
			isa = PBXGroup;
			children = (
				DE414FC42839C07E0093D487 /* businessModel */,
				DE414FBD2839B8CF0093D487 /* entity */,
				DE414FB62837842C0093D487 /* resource */,
				DE414FB52837841C0093D487 /* storyboard */,
				DE414FB4283784120093D487 /* view */,
				DE414FB3283784030093D487 /* delegate */,
				DE414FAD283783F60093D487 /* Info.plist */,
			);
			path = MVVMmySelf;
			sourceTree = "<group>";
		};
		DE414FB3283784030093D487 /* delegate */ = {
			isa = PBXGroup;
			children = (
				DE414F9F283783F10093D487 /* AppDelegate.swift */,
				DE414FA1283783F10093D487 /* SceneDelegate.swift */,
			);
			path = delegate;
			sourceTree = "<group>";
		};
		DE414FB4283784120093D487 /* view */ = {
			isa = PBXGroup;
			children = (
				DE414FB82839AB480093D487 /* viewModel */,
				DE414FA3283783F10093D487 /* LoadingVC.swift */,
			);
			path = view;
			sourceTree = "<group>";
		};
		DE414FB52837841C0093D487 /* storyboard */ = {
			isa = PBXGroup;
			children = (
				DE414FA5283783F10093D487 /* Main.storyboard */,
				DE414FAA283783F60093D487 /* LaunchScreen.storyboard */,
			);
			path = storyboard;
			sourceTree = "<group>";
		};
		DE414FB62837842C0093D487 /* resource */ = {
			isa = PBXGroup;
			children = (
				DE414FBE2839B8EB0093D487 /* userInfo.swift */,
				DE414FBB2839B02B0093D487 /* colorSet.swift */,
				DE414FA8283783F60093D487 /* Assets.xcassets */,
			);
			path = resource;
			sourceTree = "<group>";
		};
		DE414FB82839AB480093D487 /* viewModel */ = {
			isa = PBXGroup;
			children = (
				DE414FC52839CAF90093D487 /* LoadingVCModel.swift */,
			);
			path = viewModel;
			sourceTree = "<group>";
		};
		DE414FBD2839B8CF0093D487 /* entity */ = {
			isa = PBXGroup;
			children = (
				DE414FC02839B9DF0093D487 /* loginModel.swift */,
				DE414FC22839BF0D0093D487 /* userInfoModel.swift */,
			);
			path = entity;
			sourceTree = "<group>";
		};
		DE414FC42839C07E0093D487 /* businessModel */ = {
			isa = PBXGroup;
			children = (
				DE414FB92839AB790093D487 /* loginBusinessModel.swift */,
			);
			path = businessModel;
			sourceTree = "<group>";
		};
/* End PBXGroup section */

/* Begin PBXNativeTarget section */
		DE414F9B283783F10093D487 /* MVVMmySelf */ = {
			isa = PBXNativeTarget;
			buildConfigurationList = DE414FB0283783F60093D487 /* Build configuration list for PBXNativeTarget "MVVMmySelf" */;
			buildPhases = (
				F2790296C2387EF91767B3EC /* [CP] Check Pods Manifest.lock */,
				DE414F98283783F10093D487 /* Sources */,
				DE414F99283783F10093D487 /* Frameworks */,
				DE414F9A283783F10093D487 /* Resources */,
				34DB071AD4A81C762B2EC0F1 /* [CP] Embed Pods Frameworks */,
			);
			buildRules = (
			);
			dependencies = (
			);
			name = MVVMmySelf;
			productName = MVVMmySelf;
			productReference = DE414F9C283783F10093D487 /* MVVMmySelf.app */;
			productType = "com.apple.product-type.application";
		};
/* End PBXNativeTarget section */

/* Begin PBXProject section */
		DE414F94283783F10093D487 /* Project object */ = {
			isa = PBXProject;
			attributes = {
				BuildIndependentTargetsInParallel = 1;
				LastSwiftUpdateCheck = 1300;
				LastUpgradeCheck = 1300;
				TargetAttributes = {
					DE414F9B283783F10093D487 = {
						CreatedOnToolsVersion = 13.0;
					};
				};
			};
			buildConfigurationList = DE414F97283783F10093D487 /* Build configuration list for PBXProject "MVVMmySelf" */;
			compatibilityVersion = "Xcode 13.0";
			developmentRegion = en;
			hasScannedForEncodings = 0;
			knownRegions = (
				en,
				Base,
			);
			mainGroup = DE414F93283783F10093D487;
			productRefGroup = DE414F9D283783F10093D487 /* Products */;
			projectDirPath = "";
			projectRoot = "";
			targets = (
				DE414F9B283783F10093D487 /* MVVMmySelf */,
			);
		};
/* End PBXProject section */

/* Begin PBXResourcesBuildPhase section */
		DE414F9A283783F10093D487 /* Resources */ = {
			isa = PBXResourcesBuildPhase;
			buildActionMask = 2147483647;
			files = (
				DE414FAC283783F60093D487 /* LaunchScreen.storyboard in Resources */,
				DE414FA9283783F60093D487 /* Assets.xcassets in Resources */,
				DE414FA7283783F10093D487 /* Main.storyboard in Resources */,
			);
			runOnlyForDeploymentPostprocessing = 0;
		};
/* End PBXResourcesBuildPhase section */

/* Begin PBXShellScriptBuildPhase section */
		34DB071AD4A81C762B2EC0F1 /* [CP] Embed Pods Frameworks */ = {
			isa = PBXShellScriptBuildPhase;
			buildActionMask = 2147483647;
			files = (
			);
			inputFileListPaths = (
				"${PODS_ROOT}/Target Support Files/Pods-MVVMmySelf/Pods-MVVMmySelf-frameworks-${CONFIGURATION}-input-files.xcfilelist",
			);
			name = "[CP] Embed Pods Frameworks";
			outputFileListPaths = (
				"${PODS_ROOT}/Target Support Files/Pods-MVVMmySelf/Pods-MVVMmySelf-frameworks-${CONFIGURATION}-output-files.xcfilelist",
			);
			runOnlyForDeploymentPostprocessing = 0;
			shellPath = /bin/sh;
			shellScript = "\"${PODS_ROOT}/Target Support Files/Pods-MVVMmySelf/Pods-MVVMmySelf-frameworks.sh\"\n";
			showEnvVarsInLog = 0;
		};
		F2790296C2387EF91767B3EC /* [CP] Check Pods Manifest.lock */ = {
			isa = PBXShellScriptBuildPhase;
			buildActionMask = 2147483647;
			files = (
			);
			inputFileListPaths = (
			);
			inputPaths = (
				"${PODS_PODFILE_DIR_PATH}/Podfile.lock",
				"${PODS_ROOT}/Manifest.lock",
			);
			name = "[CP] Check Pods Manifest.lock";
			outputFileListPaths = (
			);
			outputPaths = (
				"$(DERIVED_FILE_DIR)/Pods-MVVMmySelf-checkManifestLockResult.txt",
			);
			runOnlyForDeploymentPostprocessing = 0;
			shellPath = /bin/sh;
			shellScript = "diff \"${PODS_PODFILE_DIR_PATH}/Podfile.lock\" \"${PODS_ROOT}/Manifest.lock\" > /dev/null\nif [ $? != 0 ] ; then\n    # print error to STDERR\n    echo \"error: The sandbox is not in sync with the Podfile.lock. Run 'pod install' or update your CocoaPods installation.\" >&2\n    exit 1\nfi\n# This output is used by Xcode 'outputs' to avoid re-running this script phase.\necho \"SUCCESS\" > \"${SCRIPT_OUTPUT_FILE_0}\"\n";
			showEnvVarsInLog = 0;
		};
/* End PBXShellScriptBuildPhase section */

/* Begin PBXSourcesBuildPhase section */
		DE414F98283783F10093D487 /* Sources */ = {
			isa = PBXSourcesBuildPhase;
			buildActionMask = 2147483647;
			files = (
				DE414FC62839CAF90093D487 /* LoadingVCModel.swift in Sources */,
				DE414FBF2839B8EB0093D487 /* userInfo.swift in Sources */,
				DE414FA4283783F10093D487 /* LoadingVC.swift in Sources */,
				DE414FC32839BF0D0093D487 /* userInfoModel.swift in Sources */,
				DE414FA0283783F10093D487 /* AppDelegate.swift in Sources */,
				DE414FA2283783F10093D487 /* SceneDelegate.swift in Sources */,
				DE414FBA2839AB790093D487 /* loginBusinessModel.swift in Sources */,
				DE414FC12839B9DF0093D487 /* loginModel.swift in Sources */,
				DE414FBC2839B02B0093D487 /* colorSet.swift in Sources */,
			);
			runOnlyForDeploymentPostprocessing = 0;
		};
/* End PBXSourcesBuildPhase section */

/* Begin PBXVariantGroup section */
		DE414FA5283783F10093D487 /* Main.storyboard */ = {
			isa = PBXVariantGroup;
			children = (
				DE414FA6283783F10093D487 /* Base */,
			);
			name = Main.storyboard;
			sourceTree = "<group>";
		};
		DE414FAA283783F60093D487 /* LaunchScreen.storyboard */ = {
			isa = PBXVariantGroup;
			children = (
				DE414FAB283783F60093D487 /* Base */,
			);
			name = LaunchScreen.storyboard;
			sourceTree = "<group>";
		};
/* End PBXVariantGroup section */

/* Begin XCBuildConfiguration section */
		DE414FAE283783F60093D487 /* Debug */ = {
			isa = XCBuildConfiguration;
			buildSettings = {
				ALWAYS_SEARCH_USER_PATHS = NO;
				CLANG_ANALYZER_NONNULL = YES;
				CLANG_ANALYZER_NUMBER_OBJECT_CONVERSION = YES_AGGRESSIVE;
				CLANG_CXX_LANGUAGE_STANDARD = "gnu++17";
				CLANG_CXX_LIBRARY = "libc++";
				CLANG_ENABLE_MODULES = YES;
				CLANG_ENABLE_OBJC_ARC = YES;
				CLANG_ENABLE_OBJC_WEAK = YES;
				CLANG_WARN_BLOCK_CAPTURE_AUTORELEASING = YES;
				CLANG_WARN_BOOL_CONVERSION = YES;
				CLANG_WARN_COMMA = YES;
				CLANG_WARN_CONSTANT_CONVERSION = YES;
				CLANG_WARN_DEPRECATED_OBJC_IMPLEMENTATIONS = YES;
				CLANG_WARN_DIRECT_OBJC_ISA_USAGE = YES_ERROR;
				CLANG_WARN_DOCUMENTATION_COMMENTS = YES;
				CLANG_WARN_EMPTY_BODY = YES;
				CLANG_WARN_ENUM_CONVERSION = YES;
				CLANG_WARN_INFINITE_RECURSION = YES;
				CLANG_WARN_INT_CONVERSION = YES;
				CLANG_WARN_NON_LITERAL_NULL_CONVERSION = YES;
				CLANG_WARN_OBJC_IMPLICIT_RETAIN_SELF = YES;
				CLANG_WARN_OBJC_LITERAL_CONVERSION = YES;
				CLANG_WARN_OBJC_ROOT_CLASS = YES_ERROR;
				CLANG_WARN_QUOTED_INCLUDE_IN_FRAMEWORK_HEADER = YES;
				CLANG_WARN_RANGE_LOOP_ANALYSIS = YES;
				CLANG_WARN_STRICT_PROTOTYPES = YES;
				CLANG_WARN_SUSPICIOUS_MOVE = YES;
				CLANG_WARN_UNGUARDED_AVAILABILITY = YES_AGGRESSIVE;
				CLANG_WARN_UNREACHABLE_CODE = YES;
				CLANG_WARN__DUPLICATE_METHOD_MATCH = YES;
				COPY_PHASE_STRIP = NO;
				DEBUG_INFORMATION_FORMAT = dwarf;
				ENABLE_STRICT_OBJC_MSGSEND = YES;
				ENABLE_TESTABILITY = YES;
				GCC_C_LANGUAGE_STANDARD = gnu11;
				GCC_DYNAMIC_NO_PIC = NO;
				GCC_NO_COMMON_BLOCKS = YES;
				GCC_OPTIMIZATION_LEVEL = 0;
				GCC_PREPROCESSOR_DEFINITIONS = (
					"DEBUG=1",
					"$(inherited)",
				);
				GCC_WARN_64_TO_32_BIT_CONVERSION = YES;
				GCC_WARN_ABOUT_RETURN_TYPE = YES_ERROR;
				GCC_WARN_UNDECLARED_SELECTOR = YES;
				GCC_WARN_UNINITIALIZED_AUTOS = YES_AGGRESSIVE;
				GCC_WARN_UNUSED_FUNCTION = YES;
				GCC_WARN_UNUSED_VARIABLE = YES;
				IPHONEOS_DEPLOYMENT_TARGET = 15.0;
				MTL_ENABLE_DEBUG_INFO = INCLUDE_SOURCE;
				MTL_FAST_MATH = YES;
				ONLY_ACTIVE_ARCH = YES;
				SDKROOT = iphoneos;
				SWIFT_ACTIVE_COMPILATION_CONDITIONS = DEBUG;
				SWIFT_OPTIMIZATION_LEVEL = "-Onone";
			};
			name = Debug;
		};
		DE414FAF283783F60093D487 /* Release */ = {
			isa = XCBuildConfiguration;
			buildSettings = {
				ALWAYS_SEARCH_USER_PATHS = NO;
				CLANG_ANALYZER_NONNULL = YES;
				CLANG_ANALYZER_NUMBER_OBJECT_CONVERSION = YES_AGGRESSIVE;
				CLANG_CXX_LANGUAGE_STANDARD = "gnu++17";
				CLANG_CXX_LIBRARY = "libc++";
				CLANG_ENABLE_MODULES = YES;
				CLANG_ENABLE_OBJC_ARC = YES;
				CLANG_ENABLE_OBJC_WEAK = YES;
				CLANG_WARN_BLOCK_CAPTURE_AUTORELEASING = YES;
				CLANG_WARN_BOOL_CONVERSION = YES;
				CLANG_WARN_COMMA = YES;
				CLANG_WARN_CONSTANT_CONVERSION = YES;
				CLANG_WARN_DEPRECATED_OBJC_IMPLEMENTATIONS = YES;
				CLANG_WARN_DIRECT_OBJC_ISA_USAGE = YES_ERROR;
				CLANG_WARN_DOCUMENTATION_COMMENTS = YES;
				CLANG_WARN_EMPTY_BODY = YES;
				CLANG_WARN_ENUM_CONVERSION = YES;
				CLANG_WARN_INFINITE_RECURSION = YES;
				CLANG_WARN_INT_CONVERSION = YES;
				CLANG_WARN_NON_LITERAL_NULL_CONVERSION = YES;
				CLANG_WARN_OBJC_IMPLICIT_RETAIN_SELF = YES;
				CLANG_WARN_OBJC_LITERAL_CONVERSION = YES;
				CLANG_WARN_OBJC_ROOT_CLASS = YES_ERROR;
				CLANG_WARN_QUOTED_INCLUDE_IN_FRAMEWORK_HEADER = YES;
				CLANG_WARN_RANGE_LOOP_ANALYSIS = YES;
				CLANG_WARN_STRICT_PROTOTYPES = YES;
				CLANG_WARN_SUSPICIOUS_MOVE = YES;
				CLANG_WARN_UNGUARDED_AVAILABILITY = YES_AGGRESSIVE;
				CLANG_WARN_UNREACHABLE_CODE = YES;
				CLANG_WARN__DUPLICATE_METHOD_MATCH = YES;
				COPY_PHASE_STRIP = NO;
				DEBUG_INFORMATION_FORMAT = "dwarf-with-dsym";
				ENABLE_NS_ASSERTIONS = NO;
				ENABLE_STRICT_OBJC_MSGSEND = YES;
				GCC_C_LANGUAGE_STANDARD = gnu11;
				GCC_NO_COMMON_BLOCKS = YES;
				GCC_WARN_64_TO_32_BIT_CONVERSION = YES;
				GCC_WARN_ABOUT_RETURN_TYPE = YES_ERROR;
				GCC_WARN_UNDECLARED_SELECTOR = YES;
				GCC_WARN_UNINITIALIZED_AUTOS = YES_AGGRESSIVE;
				GCC_WARN_UNUSED_FUNCTION = YES;
				GCC_WARN_UNUSED_VARIABLE = YES;
				IPHONEOS_DEPLOYMENT_TARGET = 15.0;
				MTL_ENABLE_DEBUG_INFO = NO;
				MTL_FAST_MATH = YES;
				SDKROOT = iphoneos;
				SWIFT_COMPILATION_MODE = wholemodule;
				SWIFT_OPTIMIZATION_LEVEL = "-O";
				VALIDATE_PRODUCT = YES;
			};
			name = Release;
		};
		DE414FB1283783F60093D487 /* Debug */ = {
			isa = XCBuildConfiguration;
			baseConfigurationReference = 91DD5B78ADB0BE6D53BE9609 /* Pods-MVVMmySelf.debug.xcconfig */;
			buildSettings = {
				ASSETCATALOG_COMPILER_APPICON_NAME = AppIcon;
				ASSETCATALOG_COMPILER_GLOBAL_ACCENT_COLOR_NAME = AccentColor;
				CODE_SIGN_STYLE = Automatic;
				CURRENT_PROJECT_VERSION = 1;
				DEVELOPMENT_TEAM = BMKUX76LZW;
				GENERATE_INFOPLIST_FILE = YES;
				INFOPLIST_FILE = MVVMmySelf/Info.plist;
				INFOPLIST_KEY_UIApplicationSupportsIndirectInputEvents = YES;
				INFOPLIST_KEY_UILaunchStoryboardName = LaunchScreen;
				INFOPLIST_KEY_UIMainStoryboardFile = Main;
				INFOPLIST_KEY_UISupportedInterfaceOrientations_iPad = "UIInterfaceOrientationPortrait UIInterfaceOrientationPortraitUpsideDown UIInterfaceOrientationLandscapeLeft UIInterfaceOrientationLandscapeRight";
				INFOPLIST_KEY_UISupportedInterfaceOrientations_iPhone = "UIInterfaceOrientationPortrait UIInterfaceOrientationLandscapeLeft UIInterfaceOrientationLandscapeRight";
				LD_RUNPATH_SEARCH_PATHS = (
					"$(inherited)",
					"@executable_path/Frameworks",
				);
				MARKETING_VERSION = 1.0;
				PRODUCT_BUNDLE_IDENTIFIER = com.Daehyeon.MVVMmySelf;
				PRODUCT_NAME = "$(TARGET_NAME)";
				SWIFT_EMIT_LOC_STRINGS = YES;
				SWIFT_VERSION = 5.0;
				TARGETED_DEVICE_FAMILY = "1,2";
			};
			name = Debug;
		};
		DE414FB2283783F60093D487 /* Release */ = {
			isa = XCBuildConfiguration;
			baseConfigurationReference = 4B677F97251EC83C57646296 /* Pods-MVVMmySelf.release.xcconfig */;
			buildSettings = {
				ASSETCATALOG_COMPILER_APPICON_NAME = AppIcon;
				ASSETCATALOG_COMPILER_GLOBAL_ACCENT_COLOR_NAME = AccentColor;
				CODE_SIGN_STYLE = Automatic;
				CURRENT_PROJECT_VERSION = 1;
				DEVELOPMENT_TEAM = BMKUX76LZW;
				GENERATE_INFOPLIST_FILE = YES;
				INFOPLIST_FILE = MVVMmySelf/Info.plist;
				INFOPLIST_KEY_UIApplicationSupportsIndirectInputEvents = YES;
				INFOPLIST_KEY_UILaunchStoryboardName = LaunchScreen;
				INFOPLIST_KEY_UIMainStoryboardFile = Main;
				INFOPLIST_KEY_UISupportedInterfaceOrientations_iPad = "UIInterfaceOrientationPortrait UIInterfaceOrientationPortraitUpsideDown UIInterfaceOrientationLandscapeLeft UIInterfaceOrientationLandscapeRight";
				INFOPLIST_KEY_UISupportedInterfaceOrientations_iPhone = "UIInterfaceOrientationPortrait UIInterfaceOrientationLandscapeLeft UIInterfaceOrientationLandscapeRight";
				LD_RUNPATH_SEARCH_PATHS = (
					"$(inherited)",
					"@executable_path/Frameworks",
				);
				MARKETING_VERSION = 1.0;
				PRODUCT_BUNDLE_IDENTIFIER = com.Daehyeon.MVVMmySelf;
				PRODUCT_NAME = "$(TARGET_NAME)";
				SWIFT_EMIT_LOC_STRINGS = YES;
				SWIFT_VERSION = 5.0;
				TARGETED_DEVICE_FAMILY = "1,2";
			};
			name = Release;
		};
/* End XCBuildConfiguration section */

/* Begin XCConfigurationList section */
		DE414F97283783F10093D487 /* Build configuration list for PBXProject "MVVMmySelf" */ = {
			isa = XCConfigurationList;
			buildConfigurations = (
				DE414FAE283783F60093D487 /* Debug */,
				DE414FAF283783F60093D487 /* Release */,
			);
			defaultConfigurationIsVisible = 0;
			defaultConfigurationName = Release;
		};
		DE414FB0283783F60093D487 /* Build configuration list for PBXNativeTarget "MVVMmySelf" */ = {
			isa = XCConfigurationList;
			buildConfigurations = (
				DE414FB1283783F60093D487 /* Debug */,
				DE414FB2283783F60093D487 /* Release */,
			);
			defaultConfigurationIsVisible = 0;
			defaultConfigurationName = Release;
		};
/* End XCConfigurationList section */
	};
	rootObject = DE414F94283783F10093D487 /* Project object */;
}
